
Microsoft Visual Studio Solution File, Format Version 12.00
# Visual Studio Version 16
VisualStudioVersion = 16.0.29230.47
MinimumVisualStudioVersion = 10.0.40219.1
Project("{8BC9CEB8-8B4A-11D0-8D11-00A0C91BC942}") = "SalaryAdminSystem", "SalaryAdminSystem.vcxproj", "{367913FA-3548-420E-99E2-7B46A33DEF36}"
EndProject
Global
	GlobalSection(SolutionConfigurationPlatforms) = preSolution
		Debug|x64 = Debug|x64
		Debug|x86 = Debug|x86
		Release|x64 = Release|x64
		Release|x86 = Release|x86
	EndGlobalSection
	GlobalSection(ProjectConfigurationPlatforms) = postSolution
		{367913FA-3548-420E-99E2-7B46A33DEF36}.Debug|x64.ActiveCfg = Debug|x64
		{367913FA-3548-420E-99E2-7B46A33DEF36}.Debug|x64.Build.0 = Debug|x64
		{367913FA-3548-420E-99E2-7B46A33DEF36}.Debug|x86.ActiveCfg = Debug|Win32
		{367913FA-3548-420E-99E2-7B46A33DEF36}.Debug|x86.Build.0 = Debug|Win32
		{367913FA-3548-420E-99E2-7B46A33DEF36}.Release|x64.ActiveCfg = Release|x64
		{367913FA-3548-420E-99E2-7B46A33DEF36}.Release|x64.Build.0 = Release|x64
		{367913FA-3548-420E-99E2-7B46A33DEF36}.Release|x86.ActiveCfg = Release|Win32
		{367913FA-3548-420E-99E2-7B46A33DEF36}.Release|x86.Build.0 = Release|Win32
	EndGlobalSection
	GlobalSection(SolutionProperties) = preSolution
		HideSolutionNode = FALSE
	EndGlobalSection
	GlobalSection(ExtensibilityGlobals) = postSolution
		SolutionGuid = {B57FC0A8-8F8A-4B22-BB55-36EFBAD59805}
	EndGlobalSection
EndGlobal
